
Microsoft Visual Studio Solution File, Format Version 12.00
# Visual Studio 2013
VisualStudioVersion = 12.0.21005.1
MinimumVisualStudioVersion = 10.0.40219.1
Project("{FAE04EC0-301F-11D3-BF4B-00C04F79EFBC}") = "RUHM", "RUHM\RUHM.csproj", "{31569B20-5C6C-4BD9-B072-06B60364F91D}"
EndProject
Project("{FAE04EC0-301F-11D3-BF4B-00C04F79EFBC}") = "AlgorithmPlotter", "AlgorithmPlotter\AlgorithmPlotter.csproj", "{802BC46E-51FF-4681-8FE0-63096FE81FB7}"
EndProject
Project("{FAE04EC0-301F-11D3-BF4B-00C04F79EFBC}") = "Algorithms", "Algorithms\Algorithms.csproj", "{44E31D34-637F-4727-A889-DCF5CDFDCD6F}"
EndProject
Project("{FAE04EC0-301F-11D3-BF4B-00C04F79EFBC}") = "ExecutionEnvironment", "ExecutionEnvironment\ExecutionEnvironment.csproj", "{711D1F27-C2CB-49F0-BA5A-F5EE8074802D}"
EndProject
Project("{FAE04EC0-301F-11D3-BF4B-00C04F79EFBC}") = "Backup", "Backup\Backup.csproj", "{43D25411-D292-4698-82C6-86D39C275326}"
EndProject
Project("{FAE04EC0-301F-11D3-BF4B-00C04F79EFBC}") = "Hybrid.Examples", "..\..\..\..\HPI\Promotion 2009-2014\17. Semester 2012-2013\Hybrid\trunk\Hybrid\Examples\Hybrid.Examples.csproj", "{226B57BB-9B76-4E9D-8CDF-E39C4C7C8854}"
EndProject
Project("{FAE04EC0-301F-11D3-BF4B-00C04F79EFBC}") = "DataFieldLayoutSimulation", "DataFieldLayoutSimulation\DataFieldLayoutSimulation.csproj", "{6CA5CA74-0920-4F15-8C73-0AC44844E698}"
EndProject
Project("{FAE04EC0-301F-11D3-BF4B-00C04F79EFBC}") = "EvolutionFramework", "EvolutionFramework\EvolutionFramework.csproj", "{18B32DA1-2366-465B-B6C3-F3D6A517C639}"
EndProject
Project("{2150E333-8FDC-42A3-9474-1A3956D46DE8}") = "Frontends", "Frontends", "{F4416D0C-C0FD-4AD9-A5F6-70B4C00288A5}"
EndProject
Project("{FAE04EC0-301F-11D3-BF4B-00C04F79EFBC}") = "UnitTests", "UnitTests\UnitTests.csproj", "{A66BE144-F8C8-404A-AA10-C68161085B1D}"
EndProject
Project("{FAE04EC0-301F-11D3-BF4B-00C04F79EFBC}") = "DrawingSupport", "DrawingSupport\DrawingSupport.csproj", "{43DF5D95-55EB-44D3-B6FC-8606C5EE4516}"
EndProject
Project("{FAE04EC0-301F-11D3-BF4B-00C04F79EFBC}") = "EvolutionWpfControls", "EvolutionWpfControls\EvolutionWpfControls.csproj", "{544E91BF-D642-4E30-AC42-E3F481CF8947}"
EndProject
Project("{2150E333-8FDC-42A3-9474-1A3956D46DE8}") = "WPF", "WPF", "{2A1F19CD-987B-4B9E-AD59-4207DB632B4F}"
EndProject
Project("{2150E333-8FDC-42A3-9474-1A3956D46DE8}") = "UserControls", "UserControls", "{FC6BB45E-B383-4917-BA02-41E2B0319E7C}"
EndProject
Project("{2150E333-8FDC-42A3-9474-1A3956D46DE8}") = "Tests", "Tests", "{5C0210C5-3BF7-4225-97B4-3F472155C0B2}"
EndProject
Project("{2150E333-8FDC-42A3-9474-1A3956D46DE8}") = "Libraries", "Libraries", "{D862CF2D-5D9C-47CE-BDF1-1F36AF37DE8E}"
EndProject
Project("{2150E333-8FDC-42A3-9474-1A3956D46DE8}") = "Helpers", "Helpers", "{9186620B-9B4D-4F34-B4FA-054806C23923}"
EndProject
Project("{2150E333-8FDC-42A3-9474-1A3956D46DE8}") = "Backup", "Backup", "{11BBAC5A-2CD9-4884-9A9A-C1445DBF1AD7}"
EndProject
Project("{2150E333-8FDC-42A3-9474-1A3956D46DE8}") = "Evolution", "Evolution", "{BDBBF7D2-114F-43C4-A2AA-63EB68E32F4F}"
EndProject
Project("{FAE04EC0-301F-11D3-BF4B-00C04F79EFBC}") = "Species", "Species\Species.csproj", "{E5599F42-B83B-45B3-A7A2-93F0E148C46A}"
EndProject
Project("{FAE04EC0-301F-11D3-BF4B-00C04F79EFBC}") = "UnitTestHelpers", "UnitTestHelpers\UnitTestHelpers.csproj", "{FDE73FDD-11E9-4BE6-91A1-91A0EF581CFC}"
EndProject
Project("{2150E333-8FDC-42A3-9474-1A3956D46DE8}") = "Frameworks", "Frameworks", "{E98AAFBD-8FD4-462D-A5BB-B35423492D0A}"
EndProject
Project("{2150E333-8FDC-42A3-9474-1A3956D46DE8}") = "Benchmark", "Benchmark", "{7AE6345A-0B9F-4EFE-98F0-F97117243C6B}"
EndProject
Project("{FAE04EC0-301F-11D3-BF4B-00C04F79EFBC}") = "BenchmarkFramework", "BenchmarkFramework\BenchmarkFramework.csproj", "{9B776B65-A099-4273-BD03-7B532A54C21D}"
EndProject
Project("{FAE04EC0-301F-11D3-BF4B-00C04F79EFBC}") = "BenchmarkConsole", "BenchmarkConsole\BenchmarkConsole.csproj", "{86D859DA-38FD-4D22-806F-CAF046395197}"
EndProject
Project("{FAE04EC0-301F-11D3-BF4B-00C04F79EFBC}") = "LINQExtensions", "LINQEx\LINQExtensions.csproj", "{59074CAA-58FE-497F-B86D-A0A82152414C}"
EndProject
Project("{FAE04EC0-301F-11D3-BF4B-00C04F79EFBC}") = "RUHMFrontend", "RUHMFrontend\RUHMFrontend.csproj", "{FCC3A6E8-427D-406C-96AE-44A93E898A07}"
EndProject
Global
	GlobalSection(SolutionConfigurationPlatforms) = preSolution
		Debug|Any CPU = Debug|Any CPU
		Debug|ARM = Debug|ARM
		Debug|Mixed Platforms = Debug|Mixed Platforms
		Debug|x64 = Debug|x64
		Debug|x86 = Debug|x86
		Release|Any CPU = Release|Any CPU
		Release|ARM = Release|ARM
		Release|Mixed Platforms = Release|Mixed Platforms
		Release|x64 = Release|x64
		Release|x86 = Release|x86
	EndGlobalSection
	GlobalSection(ProjectConfigurationPlatforms) = postSolution
		{31569B20-5C6C-4BD9-B072-06B60364F91D}.Debug|Any CPU.ActiveCfg = Debug|Any CPU
		{31569B20-5C6C-4BD9-B072-06B60364F91D}.Debug|Any CPU.Build.0 = Debug|Any CPU
		{31569B20-5C6C-4BD9-B072-06B60364F91D}.Debug|ARM.ActiveCfg = Debug|Any CPU
		{31569B20-5C6C-4BD9-B072-06B60364F91D}.Debug|Mixed Platforms.ActiveCfg = Debug|Any CPU
		{31569B20-5C6C-4BD9-B072-06B60364F91D}.Debug|Mixed Platforms.Build.0 = Debug|Any CPU
		{31569B20-5C6C-4BD9-B072-06B60364F91D}.Debug|x64.ActiveCfg = Debug|Any CPU
		{31569B20-5C6C-4BD9-B072-06B60364F91D}.Debug|x86.ActiveCfg = Debug|Any CPU
		{31569B20-5C6C-4BD9-B072-06B60364F91D}.Release|Any CPU.ActiveCfg = Release|Any CPU
		{31569B20-5C6C-4BD9-B072-06B60364F91D}.Release|Any CPU.Build.0 = Release|Any CPU
		{31569B20-5C6C-4BD9-B072-06B60364F91D}.Release|ARM.ActiveCfg = Release|Any CPU
		{31569B20-5C6C-4BD9-B072-06B60364F91D}.Release|Mixed Platforms.ActiveCfg = Release|Any CPU
		{31569B20-5C6C-4BD9-B072-06B60364F91D}.Release|Mixed Platforms.Build.0 = Release|Any CPU
		{31569B20-5C6C-4BD9-B072-06B60364F91D}.Release|x64.ActiveCfg = Release|Any CPU
		{31569B20-5C6C-4BD9-B072-06B60364F91D}.Release|x86.ActiveCfg = Release|Any CPU
		{802BC46E-51FF-4681-8FE0-63096FE81FB7}.Debug|Any CPU.ActiveCfg = Debug|Any CPU
		{802BC46E-51FF-4681-8FE0-63096FE81FB7}.Debug|Any CPU.Build.0 = Debug|Any CPU
		{802BC46E-51FF-4681-8FE0-63096FE81FB7}.Debug|ARM.ActiveCfg = Debug|Any CPU
		{802BC46E-51FF-4681-8FE0-63096FE81FB7}.Debug|Mixed Platforms.ActiveCfg = Debug|Any CPU
		{802BC46E-51FF-4681-8FE0-63096FE81FB7}.Debug|Mixed Platforms.Build.0 = Debug|Any CPU
		{802BC46E-51FF-4681-8FE0-63096FE81FB7}.Debug|x64.ActiveCfg = Debug|Any CPU
		{802BC46E-51FF-4681-8FE0-63096FE81FB7}.Debug|x86.ActiveCfg = Debug|Any CPU
		{802BC46E-51FF-4681-8FE0-63096FE81FB7}.Release|Any CPU.ActiveCfg = Release|Any CPU
		{802BC46E-51FF-4681-8FE0-63096FE81FB7}.Release|Any CPU.Build.0 = Release|Any CPU
		{802BC46E-51FF-4681-8FE0-63096FE81FB7}.Release|ARM.ActiveCfg = Release|Any CPU
		{802BC46E-51FF-4681-8FE0-63096FE81FB7}.Release|Mixed Platforms.ActiveCfg = Release|Any CPU
		{802BC46E-51FF-4681-8FE0-63096FE81FB7}.Release|Mixed Platforms.Build.0 = Release|Any CPU
		{802BC46E-51FF-4681-8FE0-63096FE81FB7}.Release|x64.ActiveCfg = Release|Any CPU
		{802BC46E-51FF-4681-8FE0-63096FE81FB7}.Release|x86.ActiveCfg = Release|Any CPU
		{44E31D34-637F-4727-A889-DCF5CDFDCD6F}.Debug|Any CPU.ActiveCfg = Debug|Any CPU
		{44E31D34-637F-4727-A889-DCF5CDFDCD6F}.Debug|Any CPU.Build.0 = Debug|Any CPU
		{44E31D34-637F-4727-A889-DCF5CDFDCD6F}.Debug|ARM.ActiveCfg = Debug|Any CPU
		{44E31D34-637F-4727-A889-DCF5CDFDCD6F}.Debug|Mixed Platforms.ActiveCfg = Debug|Any CPU
		{44E31D34-637F-4727-A889-DCF5CDFDCD6F}.Debug|Mixed Platforms.Build.0 = Debug|Any CPU
		{44E31D34-637F-4727-A889-DCF5CDFDCD6F}.Debug|x64.ActiveCfg = Debug|Any CPU
		{44E31D34-637F-4727-A889-DCF5CDFDCD6F}.Debug|x86.ActiveCfg = Debug|Any CPU
		{44E31D34-637F-4727-A889-DCF5CDFDCD6F}.Release|Any CPU.ActiveCfg = Release|Any CPU
		{44E31D34-637F-4727-A889-DCF5CDFDCD6F}.Release|Any CPU.Build.0 = Release|Any CPU
		{44E31D34-637F-4727-A889-DCF5CDFDCD6F}.Release|ARM.ActiveCfg = Release|Any CPU
		{44E31D34-637F-4727-A889-DCF5CDFDCD6F}.Release|Mixed Platforms.ActiveCfg = Release|Any CPU
		{44E31D34-637F-4727-A889-DCF5CDFDCD6F}.Release|Mixed Platforms.Build.0 = Release|Any CPU
		{44E31D34-637F-4727-A889-DCF5CDFDCD6F}.Release|x64.ActiveCfg = Release|Any CPU
		{44E31D34-637F-4727-A889-DCF5CDFDCD6F}.Release|x86.ActiveCfg = Release|Any CPU
		{711D1F27-C2CB-49F0-BA5A-F5EE8074802D}.Debug|Any CPU.ActiveCfg = Debug|Any CPU
		{711D1F27-C2CB-49F0-BA5A-F5EE8074802D}.Debug|Any CPU.Build.0 = Debug|Any CPU
		{711D1F27-C2CB-49F0-BA5A-F5EE8074802D}.Debug|ARM.ActiveCfg = Debug|Any CPU
		{711D1F27-C2CB-49F0-BA5A-F5EE8074802D}.Debug|Mixed Platforms.ActiveCfg = Debug|Any CPU
		{711D1F27-C2CB-49F0-BA5A-F5EE8074802D}.Debug|Mixed Platforms.Build.0 = Debug|Any CPU
		{711D1F27-C2CB-49F0-BA5A-F5EE8074802D}.Debug|x64.ActiveCfg = Debug|Any CPU
		{711D1F27-C2CB-49F0-BA5A-F5EE8074802D}.Debug|x86.ActiveCfg = Debug|Any CPU
		{711D1F27-C2CB-49F0-BA5A-F5EE8074802D}.Release|Any CPU.ActiveCfg = Release|Any CPU
		{711D1F27-C2CB-49F0-BA5A-F5EE8074802D}.Release|Any CPU.Build.0 = Release|Any CPU
		{711D1F27-C2CB-49F0-BA5A-F5EE8074802D}.Release|ARM.ActiveCfg = Release|Any CPU
		{711D1F27-C2CB-49F0-BA5A-F5EE8074802D}.Release|Mixed Platforms.ActiveCfg = Release|Any CPU
		{711D1F27-C2CB-49F0-BA5A-F5EE8074802D}.Release|Mixed Platforms.Build.0 = Release|Any CPU
		{711D1F27-C2CB-49F0-BA5A-F5EE8074802D}.Release|x64.ActiveCfg = Release|Any CPU
		{711D1F27-C2CB-49F0-BA5A-F5EE8074802D}.Release|x86.ActiveCfg = Release|Any CPU
		{43D25411-D292-4698-82C6-86D39C275326}.Debug|Any CPU.ActiveCfg = Debug|Any CPU
		{43D25411-D292-4698-82C6-86D39C275326}.Debug|Any CPU.Build.0 = Debug|Any CPU
		{43D25411-D292-4698-82C6-86D39C275326}.Debug|ARM.ActiveCfg = Debug|Any CPU
		{43D25411-D292-4698-82C6-86D39C275326}.Debug|Mixed Platforms.ActiveCfg = Debug|Any CPU
		{43D25411-D292-4698-82C6-86D39C275326}.Debug|x64.ActiveCfg = Debug|Any CPU
		{43D25411-D292-4698-82C6-86D39C275326}.Debug|x86.ActiveCfg = Debug|Any CPU
		{43D25411-D292-4698-82C6-86D39C275326}.Release|Any CPU.ActiveCfg = Release|Any CPU
		{43D25411-D292-4698-82C6-86D39C275326}.Release|Any CPU.Build.0 = Release|Any CPU
		{43D25411-D292-4698-82C6-86D39C275326}.Release|ARM.ActiveCfg = Release|Any CPU
		{43D25411-D292-4698-82C6-86D39C275326}.Release|Mixed Platforms.ActiveCfg = Release|Any CPU
		{43D25411-D292-4698-82C6-86D39C275326}.Release|x64.ActiveCfg = Release|Any CPU
		{43D25411-D292-4698-82C6-86D39C275326}.Release|x86.ActiveCfg = Release|Any CPU
		{226B57BB-9B76-4E9D-8CDF-E39C4C7C8854}.Debug|Any CPU.ActiveCfg = Debug|x86
		{226B57BB-9B76-4E9D-8CDF-E39C4C7C8854}.Debug|ARM.ActiveCfg = Debug|x86
		{226B57BB-9B76-4E9D-8CDF-E39C4C7C8854}.Debug|Mixed Platforms.ActiveCfg = Debug|x86
		{226B57BB-9B76-4E9D-8CDF-E39C4C7C8854}.Debug|Mixed Platforms.Build.0 = Debug|x86
		{226B57BB-9B76-4E9D-8CDF-E39C4C7C8854}.Debug|x64.ActiveCfg = Debug|x64
		{226B57BB-9B76-4E9D-8CDF-E39C4C7C8854}.Debug|x64.Build.0 = Debug|x64
		{226B57BB-9B76-4E9D-8CDF-E39C4C7C8854}.Debug|x86.ActiveCfg = Debug|x86
		{226B57BB-9B76-4E9D-8CDF-E39C4C7C8854}.Debug|x86.Build.0 = Debug|x86
		{226B57BB-9B76-4E9D-8CDF-E39C4C7C8854}.Release|Any CPU.ActiveCfg = Release|x86
		{226B57BB-9B76-4E9D-8CDF-E39C4C7C8854}.Release|ARM.ActiveCfg = Release|x86
		{226B57BB-9B76-4E9D-8CDF-E39C4C7C8854}.Release|Mixed Platforms.ActiveCfg = Release|x86
		{226B57BB-9B76-4E9D-8CDF-E39C4C7C8854}.Release|Mixed Platforms.Build.0 = Release|x86
		{226B57BB-9B76-4E9D-8CDF-E39C4C7C8854}.Release|x64.ActiveCfg = Release|x64
		{226B57BB-9B76-4E9D-8CDF-E39C4C7C8854}.Release|x64.Build.0 = Release|x64
		{226B57BB-9B76-4E9D-8CDF-E39C4C7C8854}.Release|x86.ActiveCfg = Release|x86
		{226B57BB-9B76-4E9D-8CDF-E39C4C7C8854}.Release|x86.Build.0 = Release|x86
		{6CA5CA74-0920-4F15-8C73-0AC44844E698}.Debug|Any CPU.ActiveCfg = Debug|Any CPU
		{6CA5CA74-0920-4F15-8C73-0AC44844E698}.Debug|Any CPU.Build.0 = Debug|Any CPU
		{6CA5CA74-0920-4F15-8C73-0AC44844E698}.Debug|ARM.ActiveCfg = Debug|Any CPU
		{6CA5CA74-0920-4F15-8C73-0AC44844E698}.Debug|Mixed Platforms.ActiveCfg = Debug|Any CPU
		{6CA5CA74-0920-4F15-8C73-0AC44844E698}.Debug|Mixed Platforms.Build.0 = Debug|Any CPU
		{6CA5CA74-0920-4F15-8C73-0AC44844E698}.Debug|x64.ActiveCfg = Debug|Any CPU
		{6CA5CA74-0920-4F15-8C73-0AC44844E698}.Debug|x86.ActiveCfg = Debug|Any CPU
		{6CA5CA74-0920-4F15-8C73-0AC44844E698}.Release|Any CPU.ActiveCfg = Release|Any CPU
		{6CA5CA74-0920-4F15-8C73-0AC44844E698}.Release|Any CPU.Build.0 = Release|Any CPU
		{6CA5CA74-0920-4F15-8C73-0AC44844E698}.Release|ARM.ActiveCfg = Release|Any CPU
		{6CA5CA74-0920-4F15-8C73-0AC44844E698}.Release|Mixed Platforms.ActiveCfg = Release|Any CPU
		{6CA5CA74-0920-4F15-8C73-0AC44844E698}.Release|Mixed Platforms.Build.0 = Release|Any CPU
		{6CA5CA74-0920-4F15-8C73-0AC44844E698}.Release|x64.ActiveCfg = Release|Any CPU
		{6CA5CA74-0920-4F15-8C73-0AC44844E698}.Release|x86.ActiveCfg = Release|Any CPU
		{18B32DA1-2366-465B-B6C3-F3D6A517C639}.Debug|Any CPU.ActiveCfg = Debug|Any CPU
		{18B32DA1-2366-465B-B6C3-F3D6A517C639}.Debug|Any CPU.Build.0 = Debug|Any CPU
		{18B32DA1-2366-465B-B6C3-F3D6A517C639}.Debug|ARM.ActiveCfg = Debug|Any CPU
		{18B32DA1-2366-465B-B6C3-F3D6A517C639}.Debug|Mixed Platforms.ActiveCfg = Debug|Any CPU
		{18B32DA1-2366-465B-B6C3-F3D6A517C639}.Debug|Mixed Platforms.Build.0 = Debug|Any CPU
		{18B32DA1-2366-465B-B6C3-F3D6A517C639}.Debug|x64.ActiveCfg = Debug|Any CPU
		{18B32DA1-2366-465B-B6C3-F3D6A517C639}.Debug|x86.ActiveCfg = Debug|Any CPU
		{18B32DA1-2366-465B-B6C3-F3D6A517C639}.Release|Any CPU.ActiveCfg = Release|Any CPU
		{18B32DA1-2366-465B-B6C3-F3D6A517C639}.Release|Any CPU.Build.0 = Release|Any CPU
		{18B32DA1-2366-465B-B6C3-F3D6A517C639}.Release|ARM.ActiveCfg = Release|Any CPU
		{18B32DA1-2366-465B-B6C3-F3D6A517C639}.Release|Mixed Platforms.ActiveCfg = Release|Any CPU
		{18B32DA1-2366-465B-B6C3-F3D6A517C639}.Release|Mixed Platforms.Build.0 = Release|Any CPU
		{18B32DA1-2366-465B-B6C3-F3D6A517C639}.Release|x64.ActiveCfg = Release|Any CPU
		{18B32DA1-2366-465B-B6C3-F3D6A517C639}.Release|x86.ActiveCfg = Release|Any CPU
		{A66BE144-F8C8-404A-AA10-C68161085B1D}.Debug|Any CPU.ActiveCfg = Debug|Any CPU
		{A66BE144-F8C8-404A-AA10-C68161085B1D}.Debug|Any CPU.Build.0 = Debug|Any CPU
		{A66BE144-F8C8-404A-AA10-C68161085B1D}.Debug|ARM.ActiveCfg = Debug|Any CPU
		{A66BE144-F8C8-404A-AA10-C68161085B1D}.Debug|Mixed Platforms.ActiveCfg = Debug|Any CPU
		{A66BE144-F8C8-404A-AA10-C68161085B1D}.Debug|Mixed Platforms.Build.0 = Debug|Any CPU
		{A66BE144-F8C8-404A-AA10-C68161085B1D}.Debug|x64.ActiveCfg = Debug|Any CPU
		{A66BE144-F8C8-404A-AA10-C68161085B1D}.Debug|x86.ActiveCfg = Debug|Any CPU
		{A66BE144-F8C8-404A-AA10-C68161085B1D}.Release|Any CPU.ActiveCfg = Release|Any CPU
		{A66BE144-F8C8-404A-AA10-C68161085B1D}.Release|Any CPU.Build.0 = Release|Any CPU
		{A66BE144-F8C8-404A-AA10-C68161085B1D}.Release|ARM.ActiveCfg = Release|Any CPU
		{A66BE144-F8C8-404A-AA10-C68161085B1D}.Release|Mixed Platforms.ActiveCfg = Release|Any CPU
		{A66BE144-F8C8-404A-AA10-C68161085B1D}.Release|Mixed Platforms.Build.0 = Release|Any CPU
		{A66BE144-F8C8-404A-AA10-C68161085B1D}.Release|x64.ActiveCfg = Release|Any CPU
		{A66BE144-F8C8-404A-AA10-C68161085B1D}.Release|x86.ActiveCfg = Release|Any CPU
		{43DF5D95-55EB-44D3-B6FC-8606C5EE4516}.Debug|Any CPU.ActiveCfg = Debug|Any CPU
		{43DF5D95-55EB-44D3-B6FC-8606C5EE4516}.Debug|Any CPU.Build.0 = Debug|Any CPU
		{43DF5D95-55EB-44D3-B6FC-8606C5EE4516}.Debug|ARM.ActiveCfg = Debug|Any CPU
		{43DF5D95-55EB-44D3-B6FC-8606C5EE4516}.Debug|Mixed Platforms.ActiveCfg = Debug|Any CPU
		{43DF5D95-55EB-44D3-B6FC-8606C5EE4516}.Debug|Mixed Platforms.Build.0 = Debug|Any CPU
		{43DF5D95-55EB-44D3-B6FC-8606C5EE4516}.Debug|x64.ActiveCfg = Debug|Any CPU
		{43DF5D95-55EB-44D3-B6FC-8606C5EE4516}.Debug|x86.ActiveCfg = Debug|Any CPU
		{43DF5D95-55EB-44D3-B6FC-8606C5EE4516}.Release|Any CPU.ActiveCfg = Release|Any CPU
		{43DF5D95-55EB-44D3-B6FC-8606C5EE4516}.Release|Any CPU.Build.0 = Release|Any CPU
		{43DF5D95-55EB-44D3-B6FC-8606C5EE4516}.Release|ARM.ActiveCfg = Release|Any CPU
		{43DF5D95-55EB-44D3-B6FC-8606C5EE4516}.Release|Mixed Platforms.ActiveCfg = Release|Any CPU
		{43DF5D95-55EB-44D3-B6FC-8606C5EE4516}.Release|Mixed Platforms.Build.0 = Release|Any CPU
		{43DF5D95-55EB-44D3-B6FC-8606C5EE4516}.Release|x64.ActiveCfg = Release|Any CPU
		{43DF5D95-55EB-44D3-B6FC-8606C5EE4516}.Release|x86.ActiveCfg = Release|Any CPU
		{544E91BF-D642-4E30-AC42-E3F481CF8947}.Debug|Any CPU.ActiveCfg = Debug|Any CPU
		{544E91BF-D642-4E30-AC42-E3F481CF8947}.Debug|Any CPU.Build.0 = Debug|Any CPU
		{544E91BF-D642-4E30-AC42-E3F481CF8947}.Debug|ARM.ActiveCfg = Debug|Any CPU
		{544E91BF-D642-4E30-AC42-E3F481CF8947}.Debug|Mixed Platforms.ActiveCfg = Debug|Any CPU
		{544E91BF-D642-4E30-AC42-E3F481CF8947}.Debug|Mixed Platforms.Build.0 = Debug|Any CPU
		{544E91BF-D642-4E30-AC42-E3F481CF8947}.Debug|x64.ActiveCfg = Debug|Any CPU
		{544E91BF-D642-4E30-AC42-E3F481CF8947}.Debug|x86.ActiveCfg = Debug|Any CPU
		{544E91BF-D642-4E30-AC42-E3F481CF8947}.Release|Any CPU.ActiveCfg = Release|Any CPU
		{544E91BF-D642-4E30-AC42-E3F481CF8947}.Release|Any CPU.Build.0 = Release|Any CPU
		{544E91BF-D642-4E30-AC42-E3F481CF8947}.Release|ARM.ActiveCfg = Release|Any CPU
		{544E91BF-D642-4E30-AC42-E3F481CF8947}.Release|Mixed Platforms.ActiveCfg = Release|Any CPU
		{544E91BF-D642-4E30-AC42-E3F481CF8947}.Release|Mixed Platforms.Build.0 = Release|Any CPU
		{544E91BF-D642-4E30-AC42-E3F481CF8947}.Release|x64.ActiveCfg = Release|Any CPU
		{544E91BF-D642-4E30-AC42-E3F481CF8947}.Release|x86.ActiveCfg = Release|Any CPU
		{E5599F42-B83B-45B3-A7A2-93F0E148C46A}.Debug|Any CPU.ActiveCfg = Debug|Any CPU
		{E5599F42-B83B-45B3-A7A2-93F0E148C46A}.Debug|Any CPU.Build.0 = Debug|Any CPU
		{E5599F42-B83B-45B3-A7A2-93F0E148C46A}.Debug|ARM.ActiveCfg = Debug|Any CPU
		{E5599F42-B83B-45B3-A7A2-93F0E148C46A}.Debug|Mixed Platforms.ActiveCfg = Debug|Any CPU
		{E5599F42-B83B-45B3-A7A2-93F0E148C46A}.Debug|Mixed Platforms.Build.0 = Debug|Any CPU
		{E5599F42-B83B-45B3-A7A2-93F0E148C46A}.Debug|x64.ActiveCfg = Debug|Any CPU
		{E5599F42-B83B-45B3-A7A2-93F0E148C46A}.Debug|x86.ActiveCfg = Debug|Any CPU
		{E5599F42-B83B-45B3-A7A2-93F0E148C46A}.Release|Any CPU.ActiveCfg = Release|Any CPU
		{E5599F42-B83B-45B3-A7A2-93F0E148C46A}.Release|Any CPU.Build.0 = Release|Any CPU
		{E5599F42-B83B-45B3-A7A2-93F0E148C46A}.Release|ARM.ActiveCfg = Release|Any CPU
		{E5599F42-B83B-45B3-A7A2-93F0E148C46A}.Release|Mixed Platforms.ActiveCfg = Release|Any CPU
		{E5599F42-B83B-45B3-A7A2-93F0E148C46A}.Release|Mixed Platforms.Build.0 = Release|Any CPU
		{E5599F42-B83B-45B3-A7A2-93F0E148C46A}.Release|x64.ActiveCfg = Release|Any CPU
		{E5599F42-B83B-45B3-A7A2-93F0E148C46A}.Release|x86.ActiveCfg = Release|Any CPU
		{FDE73FDD-11E9-4BE6-91A1-91A0EF581CFC}.Debug|Any CPU.ActiveCfg = Debug|Any CPU
		{FDE73FDD-11E9-4BE6-91A1-91A0EF581CFC}.Debug|Any CPU.Build.0 = Debug|Any CPU
		{FDE73FDD-11E9-4BE6-91A1-91A0EF581CFC}.Debug|ARM.ActiveCfg = Debug|Any CPU
		{FDE73FDD-11E9-4BE6-91A1-91A0EF581CFC}.Debug|Mixed Platforms.ActiveCfg = Debug|Any CPU
		{FDE73FDD-11E9-4BE6-91A1-91A0EF581CFC}.Debug|Mixed Platforms.Build.0 = Debug|Any CPU
		{FDE73FDD-11E9-4BE6-91A1-91A0EF581CFC}.Debug|x64.ActiveCfg = Debug|Any CPU
		{FDE73FDD-11E9-4BE6-91A1-91A0EF581CFC}.Debug|x86.ActiveCfg = Debug|Any CPU
		{FDE73FDD-11E9-4BE6-91A1-91A0EF581CFC}.Release|Any CPU.ActiveCfg = Release|Any CPU
		{FDE73FDD-11E9-4BE6-91A1-91A0EF581CFC}.Release|Any CPU.Build.0 = Release|Any CPU
		{FDE73FDD-11E9-4BE6-91A1-91A0EF581CFC}.Release|ARM.ActiveCfg = Release|Any CPU
		{FDE73FDD-11E9-4BE6-91A1-91A0EF581CFC}.Release|Mixed Platforms.ActiveCfg = Release|Any CPU
		{FDE73FDD-11E9-4BE6-91A1-91A0EF581CFC}.Release|Mixed Platforms.Build.0 = Release|Any CPU
		{FDE73FDD-11E9-4BE6-91A1-91A0EF581CFC}.Release|x64.ActiveCfg = Release|Any CPU
		{FDE73FDD-11E9-4BE6-91A1-91A0EF581CFC}.Release|x86.ActiveCfg = Release|Any CPU
		{9B776B65-A099-4273-BD03-7B532A54C21D}.Debug|Any CPU.ActiveCfg = Debug|Any CPU
		{9B776B65-A099-4273-BD03-7B532A54C21D}.Debug|Any CPU.Build.0 = Debug|Any CPU
		{9B776B65-A099-4273-BD03-7B532A54C21D}.Debug|ARM.ActiveCfg = Debug|Any CPU
		{9B776B65-A099-4273-BD03-7B532A54C21D}.Debug|Mixed Platforms.ActiveCfg = Debug|Any CPU
		{9B776B65-A099-4273-BD03-7B532A54C21D}.Debug|Mixed Platforms.Build.0 = Debug|Any CPU
		{9B776B65-A099-4273-BD03-7B532A54C21D}.Debug|x64.ActiveCfg = Debug|Any CPU
		{9B776B65-A099-4273-BD03-7B532A54C21D}.Debug|x86.ActiveCfg = Debug|Any CPU
		{9B776B65-A099-4273-BD03-7B532A54C21D}.Release|Any CPU.ActiveCfg = Release|Any CPU
		{9B776B65-A099-4273-BD03-7B532A54C21D}.Release|Any CPU.Build.0 = Release|Any CPU
		{9B776B65-A099-4273-BD03-7B532A54C21D}.Release|ARM.ActiveCfg = Release|Any CPU
		{9B776B65-A099-4273-BD03-7B532A54C21D}.Release|Mixed Platforms.ActiveCfg = Release|Any CPU
		{9B776B65-A099-4273-BD03-7B532A54C21D}.Release|Mixed Platforms.Build.0 = Release|Any CPU
		{9B776B65-A099-4273-BD03-7B532A54C21D}.Release|x64.ActiveCfg = Release|Any CPU
		{9B776B65-A099-4273-BD03-7B532A54C21D}.Release|x86.ActiveCfg = Release|Any CPU
		{86D859DA-38FD-4D22-806F-CAF046395197}.Debug|Any CPU.ActiveCfg = Debug|Any CPU
		{86D859DA-38FD-4D22-806F-CAF046395197}.Debug|Any CPU.Build.0 = Debug|Any CPU
		{86D859DA-38FD-4D22-806F-CAF046395197}.Debug|ARM.ActiveCfg = Debug|Any CPU
		{86D859DA-38FD-4D22-806F-CAF046395197}.Debug|Mixed Platforms.ActiveCfg = Debug|Any CPU
		{86D859DA-38FD-4D22-806F-CAF046395197}.Debug|Mixed Platforms.Build.0 = Debug|Any CPU
		{86D859DA-38FD-4D22-806F-CAF046395197}.Debug|x64.ActiveCfg = Debug|Any CPU
		{86D859DA-38FD-4D22-806F-CAF046395197}.Debug|x86.ActiveCfg = Debug|Any CPU
		{86D859DA-38FD-4D22-806F-CAF046395197}.Release|Any CPU.ActiveCfg = Release|Any CPU
		{86D859DA-38FD-4D22-806F-CAF046395197}.Release|Any CPU.Build.0 = Release|Any CPU
		{86D859DA-38FD-4D22-806F-CAF046395197}.Release|ARM.ActiveCfg = Release|Any CPU
		{86D859DA-38FD-4D22-806F-CAF046395197}.Release|Mixed Platforms.ActiveCfg = Release|Any CPU
		{86D859DA-38FD-4D22-806F-CAF046395197}.Release|Mixed Platforms.Build.0 = Release|Any CPU
		{86D859DA-38FD-4D22-806F-CAF046395197}.Release|x64.ActiveCfg = Release|Any CPU
		{86D859DA-38FD-4D22-806F-CAF046395197}.Release|x86.ActiveCfg = Release|Any CPU
		{59074CAA-58FE-497F-B86D-A0A82152414C}.Debug|Any CPU.ActiveCfg = Debug|Any CPU
		{59074CAA-58FE-497F-B86D-A0A82152414C}.Debug|Any CPU.Build.0 = Debug|Any CPU
		{59074CAA-58FE-497F-B86D-A0A82152414C}.Debug|ARM.ActiveCfg = Debug|Any CPU
		{59074CAA-58FE-497F-B86D-A0A82152414C}.Debug|Mixed Platforms.ActiveCfg = Debug|Any CPU
		{59074CAA-58FE-497F-B86D-A0A82152414C}.Debug|Mixed Platforms.Build.0 = Debug|Any CPU
		{59074CAA-58FE-497F-B86D-A0A82152414C}.Debug|x64.ActiveCfg = Debug|Any CPU
		{59074CAA-58FE-497F-B86D-A0A82152414C}.Debug|x86.ActiveCfg = Debug|Any CPU
		{59074CAA-58FE-497F-B86D-A0A82152414C}.Release|Any CPU.ActiveCfg = Release|Any CPU
		{59074CAA-58FE-497F-B86D-A0A82152414C}.Release|Any CPU.Build.0 = Release|Any CPU
		{59074CAA-58FE-497F-B86D-A0A82152414C}.Release|ARM.ActiveCfg = Release|Any CPU
		{59074CAA-58FE-497F-B86D-A0A82152414C}.Release|Mixed Platforms.ActiveCfg = Release|Any CPU
		{59074CAA-58FE-497F-B86D-A0A82152414C}.Release|Mixed Platforms.Build.0 = Release|Any CPU
		{59074CAA-58FE-497F-B86D-A0A82152414C}.Release|x64.ActiveCfg = Release|Any CPU
		{59074CAA-58FE-497F-B86D-A0A82152414C}.Release|x86.ActiveCfg = Release|Any CPU
		{FCC3A6E8-427D-406C-96AE-44A93E898A07}.Debug|Any CPU.ActiveCfg = Debug|Any CPU
		{FCC3A6E8-427D-406C-96AE-44A93E898A07}.Debug|Any CPU.Build.0 = Debug|Any CPU
		{FCC3A6E8-427D-406C-96AE-44A93E898A07}.Debug|ARM.ActiveCfg = Debug|Any CPU
		{FCC3A6E8-427D-406C-96AE-44A93E898A07}.Debug|Mixed Platforms.ActiveCfg = Debug|Any CPU
		{FCC3A6E8-427D-406C-96AE-44A93E898A07}.Debug|Mixed Platforms.Build.0 = Debug|Any CPU
		{FCC3A6E8-427D-406C-96AE-44A93E898A07}.Debug|x64.ActiveCfg = Debug|Any CPU
		{FCC3A6E8-427D-406C-96AE-44A93E898A07}.Debug|x86.ActiveCfg = Debug|Any CPU
		{FCC3A6E8-427D-406C-96AE-44A93E898A07}.Release|Any CPU.ActiveCfg = Release|Any CPU
		{FCC3A6E8-427D-406C-96AE-44A93E898A07}.Release|Any CPU.Build.0 = Release|Any CPU
		{FCC3A6E8-427D-406C-96AE-44A93E898A07}.Release|ARM.ActiveCfg = Release|Any CPU
		{FCC3A6E8-427D-406C-96AE-44A93E898A07}.Release|Mixed Platforms.ActiveCfg = Release|Any CPU
		{FCC3A6E8-427D-406C-96AE-44A93E898A07}.Release|Mixed Platforms.Build.0 = Release|Any CPU
		{FCC3A6E8-427D-406C-96AE-44A93E898A07}.Release|x64.ActiveCfg = Release|Any CPU
		{FCC3A6E8-427D-406C-96AE-44A93E898A07}.Release|x86.ActiveCfg = Release|Any CPU
	EndGlobalSection
	GlobalSection(SolutionProperties) = preSolution
		HideSolutionNode = FALSE
	EndGlobalSection
	GlobalSection(NestedProjects) = preSolution
		{44E31D34-637F-4727-A889-DCF5CDFDCD6F} = {D862CF2D-5D9C-47CE-BDF1-1F36AF37DE8E}
		{711D1F27-C2CB-49F0-BA5A-F5EE8074802D} = {D862CF2D-5D9C-47CE-BDF1-1F36AF37DE8E}
		{31569B20-5C6C-4BD9-B072-06B60364F91D} = {D862CF2D-5D9C-47CE-BDF1-1F36AF37DE8E}
		{FDE73FDD-11E9-4BE6-91A1-91A0EF581CFC} = {D862CF2D-5D9C-47CE-BDF1-1F36AF37DE8E}
		{6CA5CA74-0920-4F15-8C73-0AC44844E698} = {F4416D0C-C0FD-4AD9-A5F6-70B4C00288A5}
		{802BC46E-51FF-4681-8FE0-63096FE81FB7} = {F4416D0C-C0FD-4AD9-A5F6-70B4C00288A5}
		{86D859DA-38FD-4D22-806F-CAF046395197} = {F4416D0C-C0FD-4AD9-A5F6-70B4C00288A5}
		{FCC3A6E8-427D-406C-96AE-44A93E898A07} = {F4416D0C-C0FD-4AD9-A5F6-70B4C00288A5}
		{226B57BB-9B76-4E9D-8CDF-E39C4C7C8854} = {11BBAC5A-2CD9-4884-9A9A-C1445DBF1AD7}
		{43D25411-D292-4698-82C6-86D39C275326} = {11BBAC5A-2CD9-4884-9A9A-C1445DBF1AD7}
		{BDBBF7D2-114F-43C4-A2AA-63EB68E32F4F} = {E98AAFBD-8FD4-462D-A5BB-B35423492D0A}
		{7AE6345A-0B9F-4EFE-98F0-F97117243C6B} = {E98AAFBD-8FD4-462D-A5BB-B35423492D0A}
		{A66BE144-F8C8-404A-AA10-C68161085B1D} = {5C0210C5-3BF7-4225-97B4-3F472155C0B2}
		{FC6BB45E-B383-4917-BA02-41E2B0319E7C} = {2A1F19CD-987B-4B9E-AD59-4207DB632B4F}
		{9186620B-9B4D-4F34-B4FA-054806C23923} = {2A1F19CD-987B-4B9E-AD59-4207DB632B4F}
		{544E91BF-D642-4E30-AC42-E3F481CF8947} = {FC6BB45E-B383-4917-BA02-41E2B0319E7C}
		{43DF5D95-55EB-44D3-B6FC-8606C5EE4516} = {9186620B-9B4D-4F34-B4FA-054806C23923}
		{59074CAA-58FE-497F-B86D-A0A82152414C} = {9186620B-9B4D-4F34-B4FA-054806C23923}
		{E5599F42-B83B-45B3-A7A2-93F0E148C46A} = {BDBBF7D2-114F-43C4-A2AA-63EB68E32F4F}
		{18B32DA1-2366-465B-B6C3-F3D6A517C639} = {BDBBF7D2-114F-43C4-A2AA-63EB68E32F4F}
		{9B776B65-A099-4273-BD03-7B532A54C21D} = {7AE6345A-0B9F-4EFE-98F0-F97117243C6B}
	EndGlobalSection
EndGlobal
